
Microsoft Visual Studio Solution File, Format Version 12.00
# Visual Studio Version 17
VisualStudioVersion = 17.14.36811.4 d17.14
MinimumVisualStudioVersion = 10.0.40219.1
Project("{54A90642-561A-4BB1-A94E-469ADEE60C69}") = "test.timetracker.client", "test.timetracker.client\test.timetracker.client.esproj", "{8E2B50D3-666B-A914-11DF-159658D331C9}"
EndProject
Project("{FAE04EC0-301F-11D3-BF4B-00C04F79EFBC}") = "Test.TimeTracker.Server", "Test.TimeTracker.Server\Test.TimeTracker.Server.csproj", "{CFA9E5CC-CC4D-429C-A1A4-5DE7D58796CD}"
EndProject
Global
	GlobalSection(SolutionConfigurationPlatforms) = preSolution
		Debug|Any CPU = Debug|Any CPU
		Release|Any CPU = Release|Any CPU
	EndGlobalSection
	GlobalSection(ProjectConfigurationPlatforms) = postSolution
		{8E2B50D3-666B-A914-11DF-159658D331C9}.Debug|Any CPU.ActiveCfg = Debug|Any CPU
		{8E2B50D3-666B-A914-11DF-159658D331C9}.Debug|Any CPU.Build.0 = Debug|Any CPU
		{8E2B50D3-666B-A914-11DF-159658D331C9}.Debug|Any CPU.Deploy.0 = Debug|Any CPU
		{8E2B50D3-666B-A914-11DF-159658D331C9}.Release|Any CPU.ActiveCfg = Release|Any CPU
		{8E2B50D3-666B-A914-11DF-159658D331C9}.Release|Any CPU.Build.0 = Release|Any CPU
		{8E2B50D3-666B-A914-11DF-159658D331C9}.Release|Any CPU.Deploy.0 = Release|Any CPU
		{CFA9E5CC-CC4D-429C-A1A4-5DE7D58796CD}.Debug|Any CPU.ActiveCfg = Debug|Any CPU
		{CFA9E5CC-CC4D-429C-A1A4-5DE7D58796CD}.Debug|Any CPU.Build.0 = Debug|Any CPU
		{CFA9E5CC-CC4D-429C-A1A4-5DE7D58796CD}.Release|Any CPU.ActiveCfg = Release|Any CPU
		{CFA9E5CC-CC4D-429C-A1A4-5DE7D58796CD}.Release|Any CPU.Build.0 = Release|Any CPU
	EndGlobalSection
	GlobalSection(SolutionProperties) = preSolution
		HideSolutionNode = FALSE
	EndGlobalSection
	GlobalSection(ExtensibilityGlobals) = postSolution
		SolutionGuid = {E245CD48-65FA-45C9-BC01-14E0F3A738F6}
	EndGlobalSection
EndGlobal
